
Microsoft Visual Studio Solution File, Format Version 12.00
# Visual Studio Version 16
VisualStudioVersion = 16.0.31112.23
MinimumVisualStudioVersion = 10.0.40219.1
Project("{FAE04EC0-301F-11D3-BF4B-00C04F79EFBC}") = "BackendTarjetas", "BackendTarjetas\BackendTarjetas.csproj", "{DDF5FAF7-05A0-44D2-B82A-150E5167E6DF}"
EndProject
Global
	GlobalSection(SolutionConfigurationPlatforms) = preSolution
		Debug|Any CPU = Debug|Any CPU
		Release|Any CPU = Release|Any CPU
	EndGlobalSection
	GlobalSection(ProjectConfigurationPlatforms) = postSolution
		{DDF5FAF7-05A0-44D2-B82A-150E5167E6DF}.Debug|Any CPU.ActiveCfg = Debug|Any CPU
		{DDF5FAF7-05A0-44D2-B82A-150E5167E6DF}.Debug|Any CPU.Build.0 = Debug|Any CPU
		{DDF5FAF7-05A0-44D2-B82A-150E5167E6DF}.Release|Any CPU.ActiveCfg = Release|Any CPU
		{DDF5FAF7-05A0-44D2-B82A-150E5167E6DF}.Release|Any CPU.Build.0 = Release|Any CPU
	EndGlobalSection
	GlobalSection(SolutionProperties) = preSolution
		HideSolutionNode = FALSE
	EndGlobalSection
	GlobalSection(ExtensibilityGlobals) = postSolution
		SolutionGuid = {CC9614B7-1B8D-464D-B86F-DE934491A7D9}
	EndGlobalSection
EndGlobal
